// !$*UTF8*$!
{
	archiveVersion = 1;
	classes = {
	};
	objectVersion = 46;
	objects = {

/* Begin PBXBuildFile section */
		A2ED463F18C7AA2700FF3AA1 /* Foundation.framework in Frameworks */ = {isa = PBXBuildFile; fileRef = A2ED463E18C7AA2700FF3AA1 /* Foundation.framework */; };
		A2ED464118C7AA2700FF3AA1 /* CoreGraphics.framework in Frameworks */ = {isa = PBXBuildFile; fileRef = A2ED464018C7AA2700FF3AA1 /* CoreGraphics.framework */; };
		A2ED464318C7AA2700FF3AA1 /* UIKit.framework in Frameworks */ = {isa = PBXBuildFile; fileRef = A2ED464218C7AA2700FF3AA1 /* UIKit.framework */; };
		A2ED464918C7AA2700FF3AA1 /* InfoPlist.strings in Resources */ = {isa = PBXBuildFile; fileRef = A2ED464718C7AA2700FF3AA1 /* InfoPlist.strings */; };
		A2ED464B18C7AA2700FF3AA1 /* main.m in Sources */ = {isa = PBXBuildFile; fileRef = A2ED464A18C7AA2700FF3AA1 /* main.m */; };
		A2ED464F18C7AA2700FF3AA1 /* RITAppDelegate.m in Sources */ = {isa = PBXBuildFile; fileRef = A2ED464E18C7AA2700FF3AA1 /* RITAppDelegate.m */; };
		A2ED465218C7AA2700FF3AA1 /* Main_iPhone.storyboard in Resources */ = {isa = PBXBuildFile; fileRef = A2ED465018C7AA2700FF3AA1 /* Main_iPhone.storyboard */; };
		A2ED465518C7AA2700FF3AA1 /* Main_iPad.storyboard in Resources */ = {isa = PBXBuildFile; fileRef = A2ED465318C7AA2700FF3AA1 /* Main_iPad.storyboard */; };
		A2ED465818C7AA2700FF3AA1 /* RITViewController.m in Sources */ = {isa = PBXBuildFile; fileRef = A2ED465718C7AA2700FF3AA1 /* RITViewController.m */; };
		A2ED465A18C7AA2700FF3AA1 /* Images.xcassets in Resources */ = {isa = PBXBuildFile; fileRef = A2ED465918C7AA2700FF3AA1 /* Images.xcassets */; };
		A2ED466118C7AA2700FF3AA1 /* XCTest.framework in Frameworks */ = {isa = PBXBuildFile; fileRef = A2ED466018C7AA2700FF3AA1 /* XCTest.framework */; };
		A2ED466218C7AA2700FF3AA1 /* Foundation.framework in Frameworks */ = {isa = PBXBuildFile; fileRef = A2ED463E18C7AA2700FF3AA1 /* Foundation.framework */; };
		A2ED466318C7AA2700FF3AA1 /* UIKit.framework in Frameworks */ = {isa = PBXBuildFile; fileRef = A2ED464218C7AA2700FF3AA1 /* UIKit.framework */; };
		A2ED466B18C7AA2700FF3AA1 /* InfoPlist.strings in Resources */ = {isa = PBXBuildFile; fileRef = A2ED466918C7AA2700FF3AA1 /* InfoPlist.strings */; };
		A2ED466D18C7AA2700FF3AA1 /* _102AnimationsTestHWTests.m in Sources */ = {isa = PBXBuildFile; fileRef = A2ED466C18C7AA2700FF3AA1 /* _102AnimationsTestHWTests.m */; };
/* End PBXBuildFile section */

/* Begin PBXContainerItemProxy section */
		A2ED466418C7AA2700FF3AA1 /* PBXContainerItemProxy */ = {
			isa = PBXContainerItemProxy;
			containerPortal = A2ED463318C7AA2700FF3AA1 /* Project object */;
			proxyType = 1;
			remoteGlobalIDString = A2ED463A18C7AA2700FF3AA1;
			remoteInfo = 2102AnimationsTestHW;
		};
/* End PBXContainerItemProxy section */

/* Begin PBXFileReference section */
		A2ED463B18C7AA2700FF3AA1 /* 2102AnimationsTestHW.app */ = {isa = PBXFileReference; explicitFileType = wrapper.application; includeInIndex = 0; path = 2102AnimationsTestHW.app; sourceTree = BUILT_PRODUCTS_DIR; };
		A2ED463E18C7AA2700FF3AA1 /* Foundation.framework */ = {isa = PBXFileReference; lastKnownFileType = wrapper.framework; name = Foundation.framework; path = System/Library/Frameworks/Foundation.framework; sourceTree = SDKROOT; };
		A2ED464018C7AA2700FF3AA1 /* CoreGraphics.framework */ = {isa = PBXFileReference; lastKnownFileType = wrapper.framework; name = CoreGraphics.framework; path = System/Library/Frameworks/CoreGraphics.framework; sourceTree = SDKROOT; };
		A2ED464218C7AA2700FF3AA1 /* UIKit.framework */ = {isa = PBXFileReference; lastKnownFileType = wrapper.framework; name = UIKit.framework; path = System/Library/Frameworks/UIKit.framework; sourceTree = SDKROOT; };
		A2ED464618C7AA2700FF3AA1 /* 2102AnimationsTestHW-Info.plist */ = {isa = PBXFileReference; lastKnownFileType = text.plist.xml; path = "2102AnimationsTestHW-Info.plist"; sourceTree = "<group>"; };
		A2ED464818C7AA2700FF3AA1 /* en */ = {isa = PBXFileReference; lastKnownFileType = text.plist.strings; name = en; path = en.lproj/InfoPlist.strings; sourceTree = "<group>"; };
		A2ED464A18C7AA2700FF3AA1 /* main.m */ = {isa = PBXFileReference; lastKnownFileType = sourcecode.c.objc; path = main.m; sourceTree = "<group>"; };
		A2ED464C18C7AA2700FF3AA1 /* 2102AnimationsTestHW-Prefix.pch */ = {isa = PBXFileReference; lastKnownFileType = sourcecode.c.h; path = "2102AnimationsTestHW-Prefix.pch"; sourceTree = "<group>"; };
		A2ED464D18C7AA2700FF3AA1 /* RITAppDelegate.h */ = {isa = PBXFileReference; lastKnownFileType = sourcecode.c.h; path = RITAppDelegate.h; sourceTree = "<group>"; };
		A2ED464E18C7AA2700FF3AA1 /* RITAppDelegate.m */ = {isa = PBXFileReference; lastKnownFileType = sourcecode.c.objc; path = RITAppDelegate.m; sourceTree = "<group>"; };
		A2ED465118C7AA2700FF3AA1 /* Base */ = {isa = PBXFileReference; lastKnownFileType = file.storyboard; name = Base; path = Base.lproj/Main_iPhone.storyboard; sourceTree = "<group>"; };
		A2ED465418C7AA2700FF3AA1 /* Base */ = {isa = PBXFileReference; lastKnownFileType = file.storyboard; name = Base; path = Base.lproj/Main_iPad.storyboard; sourceTree = "<group>"; };
		A2ED465618C7AA2700FF3AA1 /* RITViewController.h */ = {isa = PBXFileReference; lastKnownFileType = sourcecode.c.h; path = RITViewController.h; sourceTree = "<group>"; };
		A2ED465718C7AA2700FF3AA1 /* RITViewController.m */ = {isa = PBXFileReference; lastKnownFileType = sourcecode.c.objc; path = RITViewController.m; sourceTree = "<group>"; };
		A2ED465918C7AA2700FF3AA1 /* Images.xcassets */ = {isa = PBXFileReference; lastKnownFileType = folder.assetcatalog; path = Images.xcassets; sourceTree = "<group>"; };
		A2ED465F18C7AA2700FF3AA1 /* 2102AnimationsTestHWTests.xctest */ = {isa = PBXFileReference; explicitFileType = wrapper.cfbundle; includeInIndex = 0; path = 2102AnimationsTestHWTests.xctest; sourceTree = BUILT_PRODUCTS_DIR; };
		A2ED466018C7AA2700FF3AA1 /* XCTest.framework */ = {isa = PBXFileReference; lastKnownFileType = wrapper.framework; name = XCTest.framework; path = Library/Frameworks/XCTest.framework; sourceTree = DEVELOPER_DIR; };
		A2ED466818C7AA2700FF3AA1 /* 2102AnimationsTestHWTests-Info.plist */ = {isa = PBXFileReference; lastKnownFileType = text.plist.xml; path = "2102AnimationsTestHWTests-Info.plist"; sourceTree = "<group>"; };
		A2ED466A18C7AA2700FF3AA1 /* en */ = {isa = PBXFileReference; lastKnownFileType = text.plist.strings; name = en; path = en.lproj/InfoPlist.strings; sourceTree = "<group>"; };
		A2ED466C18C7AA2700FF3AA1 /* _102AnimationsTestHWTests.m */ = {isa = PBXFileReference; lastKnownFileType = sourcecode.c.objc; path = _102AnimationsTestHWTests.m; sourceTree = "<group>"; };
/* End PBXFileReference section */

/* Begin PBXFrameworksBuildPhase section */
		A2ED463818C7AA2700FF3AA1 /* Frameworks */ = {
			isa = PBXFrameworksBuildPhase;
			buildActionMask = 2147483647;
			files = (
				A2ED464118C7AA2700FF3AA1 /* CoreGraphics.framework in Frameworks */,
				A2ED464318C7AA2700FF3AA1 /* UIKit.framework in Frameworks */,
				A2ED463F18C7AA2700FF3AA1 /* Foundation.framework in Frameworks */,
			);
			runOnlyForDeploymentPostprocessing = 0;
		};
		A2ED465C18C7AA2700FF3AA1 /* Frameworks */ = {
			isa = PBXFrameworksBuildPhase;
			buildActionMask = 2147483647;
			files = (
				A2ED466118C7AA2700FF3AA1 /* XCTest.framework in Frameworks */,
				A2ED466318C7AA2700FF3AA1 /* UIKit.framework in Frameworks */,
				A2ED466218C7AA2700FF3AA1 /* Foundation.framework in Frameworks */,
			);
			runOnlyForDeploymentPostprocessing = 0;
		};
/* End PBXFrameworksBuildPhase section */

/* Begin PBXGroup section */
		A2ED463218C7AA2700FF3AA1 = {
			isa = PBXGroup;
			children = (
				A2ED464418C7AA2700FF3AA1 /* 2102AnimationsTestHW */,
				A2ED466618C7AA2700FF3AA1 /* 2102AnimationsTestHWTests */,
				A2ED463D18C7AA2700FF3AA1 /* Frameworks */,
				A2ED463C18C7AA2700FF3AA1 /* Products */,
			);
			sourceTree = "<group>";
		};
		A2ED463C18C7AA2700FF3AA1 /* Products */ = {
			isa = PBXGroup;
			children = (
				A2ED463B18C7AA2700FF3AA1 /* 2102AnimationsTestHW.app */,
				A2ED465F18C7AA2700FF3AA1 /* 2102AnimationsTestHWTests.xctest */,
			);
			name = Products;
			sourceTree = "<group>";
		};
		A2ED463D18C7AA2700FF3AA1 /* Frameworks */ = {
			isa = PBXGroup;
			children = (
				A2ED463E18C7AA2700FF3AA1 /* Foundation.framework */,
				A2ED464018C7AA2700FF3AA1 /* CoreGraphics.framework */,
				A2ED464218C7AA2700FF3AA1 /* UIKit.framework */,
				A2ED466018C7AA2700FF3AA1 /* XCTest.framework */,
			);
			name = Frameworks;
			sourceTree = "<group>";
		};
		A2ED464418C7AA2700FF3AA1 /* 2102AnimationsTestHW */ = {
			isa = PBXGroup;
			children = (
				A2ED464D18C7AA2700FF3AA1 /* RITAppDelegate.h */,
				A2ED464E18C7AA2700FF3AA1 /* RITAppDelegate.m */,
				A2ED465018C7AA2700FF3AA1 /* Main_iPhone.storyboard */,
				A2ED465318C7AA2700FF3AA1 /* Main_iPad.storyboard */,
				A2ED465618C7AA2700FF3AA1 /* RITViewController.h */,
				A2ED465718C7AA2700FF3AA1 /* RITViewController.m */,
				A2ED465918C7AA2700FF3AA1 /* Images.xcassets */,
				A2ED464518C7AA2700FF3AA1 /* Supporting Files */,
			);
			path = 2102AnimationsTestHW;
			sourceTree = "<group>";
		};
		A2ED464518C7AA2700FF3AA1 /* Supporting Files */ = {
			isa = PBXGroup;
			children = (
				A2ED464618C7AA2700FF3AA1 /* 2102AnimationsTestHW-Info.plist */,
				A2ED464718C7AA2700FF3AA1 /* InfoPlist.strings */,
				A2ED464A18C7AA2700FF3AA1 /* main.m */,
				A2ED464C18C7AA2700FF3AA1 /* 2102AnimationsTestHW-Prefix.pch */,
			);
			name = "Supporting Files";
			sourceTree = "<group>";
		};
		A2ED466618C7AA2700FF3AA1 /* 2102AnimationsTestHWTests */ = {
			isa = PBXGroup;
			children = (
				A2ED466C18C7AA2700FF3AA1 /* _102AnimationsTestHWTests.m */,
				A2ED466718C7AA2700FF3AA1 /* Supporting Files */,
			);
			path = 2102AnimationsTestHWTests;
			sourceTree = "<group>";
		};
		A2ED466718C7AA2700FF3AA1 /* Supporting Files */ = {
			isa = PBXGroup;
			children = (
				A2ED466818C7AA2700FF3AA1 /* 2102AnimationsTestHWTests-Info.plist */,
				A2ED466918C7AA2700FF3AA1 /* InfoPlist.strings */,
			);
			name = "Supporting Files";
			sourceTree = "<group>";
		};
/* End PBXGroup section */

/* Begin PBXNativeTarget section */
		A2ED463A18C7AA2700FF3AA1 /* 2102AnimationsTestHW */ = {
			isa = PBXNativeTarget;
			buildConfigurationList = A2ED467018C7AA2700FF3AA1 /* Build configuration list for PBXNativeTarget "2102AnimationsTestHW" */;
			buildPhases = (
				A2ED463718C7AA2700FF3AA1 /* Sources */,
				A2ED463818C7AA2700FF3AA1 /* Frameworks */,
				A2ED463918C7AA2700FF3AA1 /* Resources */,
			);
			buildRules = (
			);
			dependencies = (
			);
			name = 2102AnimationsTestHW;
			productName = 2102AnimationsTestHW;
			productReference = A2ED463B18C7AA2700FF3AA1 /* 2102AnimationsTestHW.app */;
			productType = "com.apple.product-type.application";
		};
		A2ED465E18C7AA2700FF3AA1 /* 2102AnimationsTestHWTests */ = {
			isa = PBXNativeTarget;
			buildConfigurationList = A2ED467318C7AA2700FF3AA1 /* Build configuration list for PBXNativeTarget "2102AnimationsTestHWTests" */;
			buildPhases = (
				A2ED465B18C7AA2700FF3AA1 /* Sources */,
				A2ED465C18C7AA2700FF3AA1 /* Frameworks */,
				A2ED465D18C7AA2700FF3AA1 /* Resources */,
			);
			buildRules = (
			);
			dependencies = (
				A2ED466518C7AA2700FF3AA1 /* PBXTargetDependency */,
			);
			name = 2102AnimationsTestHWTests;
			productName = 2102AnimationsTestHWTests;
			productReference = A2ED465F18C7AA2700FF3AA1 /* 2102AnimationsTestHWTests.xctest */;
			productType = "com.apple.product-type.bundle.unit-test";
		};
/* End PBXNativeTarget section */

/* Begin PBXProject section */
		A2ED463318C7AA2700FF3AA1 /* Project object */ = {
			isa = PBXProject;
			attributes = {
				CLASSPREFIX = RIT;
				LastUpgradeCheck = 0500;
				ORGANIZATIONNAME = "Pronin Alexander";
				TargetAttributes = {
					A2ED465E18C7AA2700FF3AA1 = {
						TestTargetID = A2ED463A18C7AA2700FF3AA1;
					};
				};
			};
			buildConfigurationList = A2ED463618C7AA2700FF3AA1 /* Build configuration list for PBXProject "2102AnimationsTestHW" */;
			compatibilityVersion = "Xcode 3.2";
			developmentRegion = English;
			hasScannedForEncodings = 0;
			knownRegions = (
				en,
				Base,
			);
			mainGroup = A2ED463218C7AA2700FF3AA1;
			productRefGroup = A2ED463C18C7AA2700FF3AA1 /* Products */;
			projectDirPath = "";
			projectRoot = "";
			targets = (
				A2ED463A18C7AA2700FF3AA1 /* 2102AnimationsTestHW */,
				A2ED465E18C7AA2700FF3AA1 /* 2102AnimationsTestHWTests */,
			);
		};
/* End PBXProject section */

/* Begin PBXResourcesBuildPhase section */
		A2ED463918C7AA2700FF3AA1 /* Resources */ = {
			isa = PBXResourcesBuildPhase;
			buildActionMask = 2147483647;
			files = (
				A2ED465518C7AA2700FF3AA1 /* Main_iPad.storyboard in Resources */,
				A2ED465A18C7AA2700FF3AA1 /* Images.xcassets in Resources */,
				A2ED465218C7AA2700FF3AA1 /* Main_iPhone.storyboard in Resources */,
				A2ED464918C7AA2700FF3AA1 /* InfoPlist.strings in Resources */,
			);
			runOnlyForDeploymentPostprocessing = 0;
		};
		A2ED465D18C7AA2700FF3AA1 /* Resources */ = {
			isa = PBXResourcesBuildPhase;
			buildActionMask = 2147483647;
			files = (
				A2ED466B18C7AA2700FF3AA1 /* InfoPlist.strings in Resources */,
			);
			runOnlyForDeploymentPostprocessing = 0;
		};
/* End PBXResourcesBuildPhase section */

/* Begin PBXSourcesBuildPhase section */
		A2ED463718C7AA2700FF3AA1 /* Sources */ = {
			isa = PBXSourcesBuildPhase;
			buildActionMask = 2147483647;
			files = (
				A2ED464F18C7AA2700FF3AA1 /* RITAppDelegate.m in Sources */,
				A2ED464B18C7AA2700FF3AA1 /* main.m in Sources */,
				A2ED465818C7AA2700FF3AA1 /* RITViewController.m in Sources */,
			);
			runOnlyForDeploymentPostprocessing = 0;
		};
		A2ED465B18C7AA2700FF3AA1 /* Sources */ = {
			isa = PBXSourcesBuildPhase;
			buildActionMask = 2147483647;
			files = (
				A2ED466D18C7AA2700FF3AA1 /* _102AnimationsTestHWTests.m in Sources */,
			);
			runOnlyForDeploymentPostprocessing = 0;
		};
/* End PBXSourcesBuildPhase section */

/* Begin PBXTargetDependency section */
		A2ED466518C7AA2700FF3AA1 /* PBXTargetDependency */ = {
			isa = PBXTargetDependency;
			target = A2ED463A18C7AA2700FF3AA1 /* 2102AnimationsTestHW */;
			targetProxy = A2ED466418C7AA2700FF3AA1 /* PBXContainerItemProxy */;
		};
/* End PBXTargetDependency section */

/* Begin PBXVariantGroup section */
		A2ED464718C7AA2700FF3AA1 /* InfoPlist.strings */ = {
			isa = PBXVariantGroup;
			children = (
				A2ED464818C7AA2700FF3AA1 /* en */,
			);
			name = InfoPlist.strings;
			sourceTree = "<group>";
		};
		A2ED465018C7AA2700FF3AA1 /* Main_iPhone.storyboard */ = {
			isa = PBXVariantGroup;
			children = (
				A2ED465118C7AA2700FF3AA1 /* Base */,
			);
			name = Main_iPhone.storyboard;
			sourceTree = "<group>";
		};
		A2ED465318C7AA2700FF3AA1 /* Main_iPad.storyboard */ = {
			isa = PBXVariantGroup;
			children = (
				A2ED465418C7AA2700FF3AA1 /* Base */,
			);
			name = Main_iPad.storyboard;
			sourceTree = "<group>";
		};
		A2ED466918C7AA2700FF3AA1 /* InfoPlist.strings */ = {
			isa = PBXVariantGroup;
			children = (
				A2ED466A18C7AA2700FF3AA1 /* en */,
			);
			name = InfoPlist.strings;
			sourceTree = "<group>";
		};
/* End PBXVariantGroup section */

/* Begin XCBuildConfiguration section */
		A2ED466E18C7AA2700FF3AA1 /* Debug */ = {
			isa = XCBuildConfiguration;
			buildSettings = {
				ALWAYS_SEARCH_USER_PATHS = NO;
				ARCHS = "$(ARCHS_STANDARD_INCLUDING_64_BIT)";
				CLANG_CXX_LANGUAGE_STANDARD = "gnu++0x";
				CLANG_CXX_LIBRARY = "libc++";
				CLANG_ENABLE_MODULES = YES;
				CLANG_ENABLE_OBJC_ARC = YES;
				CLANG_WARN_BOOL_CONVERSION = YES;
				CLANG_WARN_CONSTANT_CONVERSION = YES;
				CLANG_WARN_DIRECT_OBJC_ISA_USAGE = YES_ERROR;
				CLANG_WARN_EMPTY_BODY = YES;
				CLANG_WARN_ENUM_CONVERSION = YES;
				CLANG_WARN_INT_CONVERSION = YES;
				CLANG_WARN_OBJC_ROOT_CLASS = YES_ERROR;
				CLANG_WARN__DUPLICATE_METHOD_MATCH = YES;
				"CODE_SIGN_IDENTITY[sdk=iphoneos*]" = "iPhone Developer";
				COPY_PHASE_STRIP = NO;
				GCC_C_LANGUAGE_STANDARD = gnu99;
				GCC_DYNAMIC_NO_PIC = NO;
				GCC_OPTIMIZATION_LEVEL = 0;
				GCC_PREPROCESSOR_DEFINITIONS = (
					"DEBUG=1",
					"$(inherited)",
				);
				GCC_SYMBOLS_PRIVATE_EXTERN = NO;
				GCC_WARN_64_TO_32_BIT_CONVERSION = YES;
				GCC_WARN_ABOUT_RETURN_TYPE = YES_ERROR;
				GCC_WARN_UNDECLARED_SELECTOR = YES;
				GCC_WARN_UNINITIALIZED_AUTOS = YES;
				GCC_WARN_UNUSED_FUNCTION = YES;
				GCC_WARN_UNUSED_VARIABLE = YES;
				IPHONEOS_DEPLOYMENT_TARGET = 7.0;
				ONLY_ACTIVE_ARCH = YES;
				SDKROOT = iphoneos;
				TARGETED_DEVICE_FAMILY = "1,2";
			};
			name = Debug;
		};
		A2ED466F18C7AA2700FF3AA1 /* Release */ = {
			isa = XCBuildConfiguration;
			buildSettings = {
				ALWAYS_SEARCH_USER_PATHS = NO;
				ARCHS = "$(ARCHS_STANDARD_INCLUDING_64_BIT)";
				CLANG_CXX_LANGUAGE_STANDARD = "gnu++0x";
				CLANG_CXX_LIBRARY = "libc++";
				CLANG_ENABLE_MODULES = YES;
				CLANG_ENABLE_OBJC_ARC = YES;
				CLANG_WARN_BOOL_CONVERSION = YES;
				CLANG_WARN_CONSTANT_CONVERSION = YES;
				CLANG_WARN_DIRECT_OBJC_ISA_USAGE = YES_ERROR;
				CLANG_WARN_EMPTY_BODY = YES;
				CLANG_WARN_ENUM_CONVERSION = YES;
				CLANG_WARN_INT_CONVERSION = YES;
				CLANG_WARN_OBJC_ROOT_CLASS = YES_ERROR;
				CLANG_WARN__DUPLICATE_METHOD_MATCH = YES;
				"CODE_SIGN_IDENTITY[sdk=iphoneos*]" = "iPhone Developer";
				COPY_PHASE_STRIP = YES;
				ENABLE_NS_ASSERTIONS = NO;
				GCC_C_LANGUAGE_STANDARD = gnu99;
				GCC_WARN_64_TO_32_BIT_CONVERSION = YES;
				GCC_WARN_ABOUT_RETURN_TYPE = YES_ERROR;
				GCC_WARN_UNDECLARED_SELECTOR = YES;
				GCC_WARN_UNINITIALIZED_AUTOS = YES;
				GCC_WARN_UNUSED_FUNCTION = YES;
				GCC_WARN_UNUSED_VARIABLE = YES;
				IPHONEOS_DEPLOYMENT_TARGET = 7.0;
				SDKROOT = iphoneos;
				TARGETED_DEVICE_FAMILY = "1,2";
				VALIDATE_PRODUCT = YES;
			};
			name = Release;
		};
		A2ED467118C7AA2700FF3AA1 /* Debug */ = {
			isa = XCBuildConfiguration;
			buildSettings = {
				ASSETCATALOG_COMPILER_APPICON_NAME = AppIcon;
				ASSETCATALOG_COMPILER_LAUNCHIMAGE_NAME = LaunchImage;
				GCC_PRECOMPILE_PREFIX_HEADER = YES;
				GCC_PREFIX_HEADER = "2102AnimationsTestHW/2102AnimationsTestHW-Prefix.pch";
				INFOPLIST_FILE = "2102AnimationsTestHW/2102AnimationsTestHW-Info.plist";
				PRODUCT_NAME = "$(TARGET_NAME)";
				WRAPPER_EXTENSION = app;
			};
			name = Debug;
		};
		A2ED467218C7AA2700FF3AA1 /* Release */ = {
			isa = XCBuildConfiguration;
			buildSettings = {
				ASSETCATALOG_COMPILER_APPICON_NAME = AppIcon;
				ASSETCATALOG_COMPILER_LAUNCHIMAGE_NAME = LaunchImage;
				GCC_PRECOMPILE_PREFIX_HEADER = YES;
				GCC_PREFIX_HEADER = "2102AnimationsTestHW/2102AnimationsTestHW-Prefix.pch";
				INFOPLIST_FILE = "2102AnimationsTestHW/2102AnimationsTestHW-Info.plist";
				PRODUCT_NAME = "$(TARGET_NAME)";
				WRAPPER_EXTENSION = app;
			};
			name = Release;
		};
		A2ED467418C7AA2700FF3AA1 /* Debug */ = {
			isa = XCBuildConfiguration;
			buildSettings = {
				ARCHS = "$(ARCHS_STANDARD_INCLUDING_64_BIT)";
				BUNDLE_LOADER = "$(BUILT_PRODUCTS_DIR)/2102AnimationsTestHW.app/2102AnimationsTestHW";
				FRAMEWORK_SEARCH_PATHS = (
					"$(SDKROOT)/Developer/Library/Frameworks",
					"$(inherited)",
					"$(DEVELOPER_FRAMEWORKS_DIR)",
				);
				GCC_PRECOMPILE_PREFIX_HEADER = YES;
				GCC_PREFIX_HEADER = "2102AnimationsTestHW/2102AnimationsTestHW-Prefix.pch";
				GCC_PREPROCESSOR_DEFINITIONS = (
					"DEBUG=1",
					"$(inherited)",
				);
				INFOPLIST_FILE = "2102AnimationsTestHWTests/2102AnimationsTestHWTests-Info.plist";
				PRODUCT_NAME = "$(TARGET_NAME)";
				TEST_HOST = "$(BUNDLE_LOADER)";
				WRAPPER_EXTENSION = xctest;
			};
			name = Debug;
		};
		A2ED467518C7AA2700FF3AA1 /* Release */ = {
			isa = XCBuildConfiguration;
			buildSettings = {
				ARCHS = "$(ARCHS_STANDARD_INCLUDING_64_BIT)";
				BUNDLE_LOADER = "$(BUILT_PRODUCTS_DIR)/2102AnimationsTestHW.app/2102AnimationsTestHW";
				FRAMEWORK_SEARCH_PATHS = (
					"$(SDKROOT)/Developer/Library/Frameworks",
					"$(inherited)",
					"$(DEVELOPER_FRAMEWORKS_DIR)",
				);
				GCC_PRECOMPILE_PREFIX_HEADER = YES;
				GCC_PREFIX_HEADER = "2102AnimationsTestHW/2102AnimationsTestHW-Prefix.pch";
				INFOPLIST_FILE = "2102AnimationsTestHWTests/2102AnimationsTestHWTests-Info.plist";
				PRODUCT_NAME = "$(TARGET_NAME)";
				TEST_HOST = "$(BUNDLE_LOADER)";
				WRAPPER_EXTENSION = xctest;
			};
			name = Release;
		};
/* End XCBuildConfiguration section */

/* Begin XCConfigurationList section */
		A2ED463618C7AA2700FF3AA1 /* Build configuration list for PBXProject "2102AnimationsTestHW" */ = {
			isa = XCConfigurationList;
			buildConfigurations = (
				A2ED466E18C7AA2700FF3AA1 /* Debug */,
				A2ED466F18C7AA2700FF3AA1 /* Release */,
			);
			defaultConfigurationIsVisible = 0;
			defaultConfigurationName = Release;
		};
		A2ED467018C7AA2700FF3AA1 /* Build configuration list for PBXNativeTarget "2102AnimationsTestHW" */ = {
			isa = XCConfigurationList;
			buildConfigurations = (
				A2ED467118C7AA2700FF3AA1 /* Debug */,
				A2ED467218C7AA2700FF3AA1 /* Release */,
			);
			defaultConfigurationIsVisible = 0;
		};
		A2ED467318C7AA2700FF3AA1 /* Build configuration list for PBXNativeTarget "2102AnimationsTestHWTests" */ = {
			isa = XCConfigurationList;
			buildConfigurations = (
				A2ED467418C7AA2700FF3AA1 /* Debug */,
				A2ED467518C7AA2700FF3AA1 /* Release */,
			);
			defaultConfigurationIsVisible = 0;
		};
/* End XCConfigurationList section */
	};
	rootObject = A2ED463318C7AA2700FF3AA1 /* Project object */;
}
